
Microsoft Visual Studio Solution File, Format Version 12.00
# Visual Studio 14
VisualStudioVersion = 14.0.23107.0
MinimumVisualStudioVersion = 10.0.40219.1
Project("{2150E333-8FDC-42A3-9474-1A3956D46DE8}") = "src", "src", "{1AAD948C-6BBE-4334-BFF2-AA5F16F63845}"
EndProject
Project("{2150E333-8FDC-42A3-9474-1A3956D46DE8}") = "Solution Items", "Solution Items", "{928425F1-020D-47AF-B760-70492D1F1B62}"
	ProjectSection(SolutionItems) = preProject
		global.json = global.json
		NuGet.Config = NuGet.Config
	EndProjectSection
EndProject
Project("{8BB2217D-0F2D-49D1-97BC-3654ED321F3B}") = "StructureMap.Dnx", "src\StructureMap.Dnx\StructureMap.Dnx.xproj", "{D09D9E47-E9B7-4446-90AE-48AE3358C880}"
EndProject
Project("{2150E333-8FDC-42A3-9474-1A3956D46DE8}") = "test", "test", "{8037CE7A-020C-48D2-9C7E-BBEB669E19D7}"
EndProject
Project("{8BB2217D-0F2D-49D1-97BC-3654ED321F3B}") = "StructureMap.Dnx.Tests", "test\StructureMap.Dnx.Tests\StructureMap.Dnx.Tests.xproj", "{2B3D64C5-CA4D-41E5-AF3A-BA90AB80EB60}"
EndProject
Global
	GlobalSection(SolutionConfigurationPlatforms) = preSolution
		Debug|Any CPU = Debug|Any CPU
		Release|Any CPU = Release|Any CPU
	EndGlobalSection
	GlobalSection(ProjectConfigurationPlatforms) = postSolution
		{D09D9E47-E9B7-4446-90AE-48AE3358C880}.Debug|Any CPU.ActiveCfg = Debug|Any CPU
		{D09D9E47-E9B7-4446-90AE-48AE3358C880}.Debug|Any CPU.Build.0 = Debug|Any CPU
		{D09D9E47-E9B7-4446-90AE-48AE3358C880}.Release|Any CPU.ActiveCfg = Release|Any CPU
		{D09D9E47-E9B7-4446-90AE-48AE3358C880}.Release|Any CPU.Build.0 = Release|Any CPU
		{2B3D64C5-CA4D-41E5-AF3A-BA90AB80EB60}.Debug|Any CPU.ActiveCfg = Debug|Any CPU
		{2B3D64C5-CA4D-41E5-AF3A-BA90AB80EB60}.Debug|Any CPU.Build.0 = Debug|Any CPU
		{2B3D64C5-CA4D-41E5-AF3A-BA90AB80EB60}.Release|Any CPU.ActiveCfg = Release|Any CPU
		{2B3D64C5-CA4D-41E5-AF3A-BA90AB80EB60}.Release|Any CPU.Build.0 = Release|Any CPU
	EndGlobalSection
	GlobalSection(SolutionProperties) = preSolution
		HideSolutionNode = FALSE
	EndGlobalSection
	GlobalSection(NestedProjects) = preSolution
		{D09D9E47-E9B7-4446-90AE-48AE3358C880} = {1AAD948C-6BBE-4334-BFF2-AA5F16F63845}
		{2B3D64C5-CA4D-41E5-AF3A-BA90AB80EB60} = {8037CE7A-020C-48D2-9C7E-BBEB669E19D7}
	EndGlobalSection
EndGlobal
